
Microsoft Visual Studio Solution File, Format Version 12.00
# Visual Studio Version 17
VisualStudioVersion = 17.4.33205.214
MinimumVisualStudioVersion = 10.0.40219.1
Project("{FAE04EC0-301F-11D3-BF4B-00C04F79EFBC}") = "WebEscuelaMVC", "WebEscuelaMVC\WebEscuelaMVC.csproj", "{FE01C4CA-A62B-42AC-93D5-7437F768876F}"
EndProject
Global
	GlobalSection(SolutionConfigurationPlatforms) = preSolution
		Debug|Any CPU = Debug|Any CPU
		Release|Any CPU = Release|Any CPU
	EndGlobalSection
	GlobalSection(ProjectConfigurationPlatforms) = postSolution
		{FE01C4CA-A62B-42AC-93D5-7437F768876F}.Debug|Any CPU.ActiveCfg = Debug|Any CPU
		{FE01C4CA-A62B-42AC-93D5-7437F768876F}.Debug|Any CPU.Build.0 = Debug|Any CPU
		{FE01C4CA-A62B-42AC-93D5-7437F768876F}.Release|Any CPU.ActiveCfg = Release|Any CPU
		{FE01C4CA-A62B-42AC-93D5-7437F768876F}.Release|Any CPU.Build.0 = Release|Any CPU
	EndGlobalSection
	GlobalSection(SolutionProperties) = preSolution
		HideSolutionNode = FALSE
	EndGlobalSection
	GlobalSection(ExtensibilityGlobals) = postSolution
		SolutionGuid = {70DF15F8-A71A-4C8C-B2AC-CA96887690A5}
	EndGlobalSection
EndGlobal
